// !$*UTF8*$!
{
	archiveVersion = 1;
	classes = {
	};
	objectVersion = 50;
	objects = {

/* Begin PBXBuildFile section */
		7B21C38723FCD3F900B61840 /* AppDelegate.swift in Sources */ = {isa = PBXBuildFile; fileRef = 7B21C38623FCD3F900B61840 /* AppDelegate.swift */; };
		7B21C38923FCD3F900B61840 /* SceneDelegate.swift in Sources */ = {isa = PBXBuildFile; fileRef = 7B21C38823FCD3F900B61840 /* SceneDelegate.swift */; };
		7B21C38B23FCD3F900B61840 /* TimeCircuitsViewController.swift in Sources */ = {isa = PBXBuildFile; fileRef = 7B21C38A23FCD3F900B61840 /* TimeCircuitsViewController.swift */; };
		7B21C38E23FCD3F900B61840 /* Main.storyboard in Resources */ = {isa = PBXBuildFile; fileRef = 7B21C38C23FCD3F900B61840 /* Main.storyboard */; };
		7B21C39023FCD3FC00B61840 /* Assets.xcassets in Resources */ = {isa = PBXBuildFile; fileRef = 7B21C38F23FCD3FC00B61840 /* Assets.xcassets */; };
		7B21C39323FCD3FC00B61840 /* LaunchScreen.storyboard in Resources */ = {isa = PBXBuildFile; fileRef = 7B21C39123FCD3FC00B61840 /* LaunchScreen.storyboard */; };
		7B21C39D23FCD47A00B61840 /* DatePickerViewController.swift in Sources */ = {isa = PBXBuildFile; fileRef = 7B21C39C23FCD47A00B61840 /* DatePickerViewController.swift */; };
		7B21C39F23FCD9BD00B61840 /* digital-7.ttf in Resources */ = {isa = PBXBuildFile; fileRef = 7B21C39E23FCD9BD00B61840 /* digital-7.ttf */; };
/* End PBXBuildFile section */

/* Begin PBXFileReference section */
		7B21C38323FCD3F900B61840 /* OutaTime.app */ = {isa = PBXFileReference; explicitFileType = wrapper.application; includeInIndex = 0; path = OutaTime.app; sourceTree = BUILT_PRODUCTS_DIR; };
		7B21C38623FCD3F900B61840 /* AppDelegate.swift */ = {isa = PBXFileReference; lastKnownFileType = sourcecode.swift; path = AppDelegate.swift; sourceTree = "<group>"; };
		7B21C38823FCD3F900B61840 /* SceneDelegate.swift */ = {isa = PBXFileReference; lastKnownFileType = sourcecode.swift; path = SceneDelegate.swift; sourceTree = "<group>"; };
		7B21C38A23FCD3F900B61840 /* TimeCircuitsViewController.swift */ = {isa = PBXFileReference; lastKnownFileType = sourcecode.swift; path = TimeCircuitsViewController.swift; sourceTree = "<group>"; };
		7B21C38D23FCD3F900B61840 /* Base */ = {isa = PBXFileReference; lastKnownFileType = file.storyboard; name = Base; path = Base.lproj/Main.storyboard; sourceTree = "<group>"; };
		7B21C38F23FCD3FC00B61840 /* Assets.xcassets */ = {isa = PBXFileReference; lastKnownFileType = folder.assetcatalog; path = Assets.xcassets; sourceTree = "<group>"; };
		7B21C39223FCD3FC00B61840 /* Base */ = {isa = PBXFileReference; lastKnownFileType = file.storyboard; name = Base; path = Base.lproj/LaunchScreen.storyboard; sourceTree = "<group>"; };
		7B21C39423FCD3FC00B61840 /* Info.plist */ = {isa = PBXFileReference; lastKnownFileType = text.plist.xml; path = Info.plist; sourceTree = "<group>"; };
		7B21C39C23FCD47A00B61840 /* DatePickerViewController.swift */ = {isa = PBXFileReference; lastKnownFileType = sourcecode.swift; path = DatePickerViewController.swift; sourceTree = "<group>"; };
		7B21C39E23FCD9BD00B61840 /* digital-7.ttf */ = {isa = PBXFileReference; lastKnownFileType = file; name = "digital-7.ttf"; path = "../../../digital-7.ttf"; sourceTree = "<group>"; };
/* End PBXFileReference section */

/* Begin PBXFrameworksBuildPhase section */
		7B21C38023FCD3F900B61840 /* Frameworks */ = {
			isa = PBXFrameworksBuildPhase;
			buildActionMask = 2147483647;
			files = (
			);
			runOnlyForDeploymentPostprocessing = 0;
		};
/* End PBXFrameworksBuildPhase section */

/* Begin PBXGroup section */
		7B21C37A23FCD3F900B61840 = {
			isa = PBXGroup;
			children = (
				7B21C38423FCD3F900B61840 /* Products */,
				7B21C38523FCD3F900B61840 /* OutaTime */,
			);
			sourceTree = "<group>";
		};
		7B21C38423FCD3F900B61840 /* Products */ = {
			isa = PBXGroup;
			children = (
				7B21C38323FCD3F900B61840 /* OutaTime.app */,
			);
			name = Products;
			sourceTree = "<group>";
		};
		7B21C38523FCD3F900B61840 /* OutaTime */ = {
			isa = PBXGroup;
			children = (
				7B21C39A23FCD40A00B61840 /* Resources */,
				7B21C39B23FCD41B00B61840 /* ViewControllers */,
				7B21C38C23FCD3F900B61840 /* Main.storyboard */,
				7B21C39123FCD3FC00B61840 /* LaunchScreen.storyboard */,
				7B21C39423FCD3FC00B61840 /* Info.plist */,
			);
			path = OutaTime;
			sourceTree = "<group>";
		};
		7B21C39A23FCD40A00B61840 /* Resources */ = {
			isa = PBXGroup;
			children = (
				7B21C38623FCD3F900B61840 /* AppDelegate.swift */,
				7B21C38823FCD3F900B61840 /* SceneDelegate.swift */,
				7B21C38F23FCD3FC00B61840 /* Assets.xcassets */,
				7B21C39E23FCD9BD00B61840 /* digital-7.ttf */,
			);
			path = Resources;
			sourceTree = "<group>";
		};
		7B21C39B23FCD41B00B61840 /* ViewControllers */ = {
			isa = PBXGroup;
			children = (
				7B21C38A23FCD3F900B61840 /* TimeCircuitsViewController.swift */,
				7B21C39C23FCD47A00B61840 /* DatePickerViewController.swift */,
			);
			path = ViewControllers;
			sourceTree = "<group>";
		};
/* End PBXGroup section */

/* Begin PBXNativeTarget section */
		7B21C38223FCD3F900B61840 /* OutaTime */ = {
			isa = PBXNativeTarget;
			buildConfigurationList = 7B21C39723FCD3FC00B61840 /* Build configuration list for PBXNativeTarget "OutaTime" */;
			buildPhases = (
				7B21C37F23FCD3F900B61840 /* Sources */,
				7B21C38023FCD3F900B61840 /* Frameworks */,
				7B21C38123FCD3F900B61840 /* Resources */,
			);
			buildRules = (
			);
			dependencies = (
			);
			name = OutaTime;
			productName = OutaTime;
			productReference = 7B21C38323FCD3F900B61840 /* OutaTime.app */;
			productType = "com.apple.product-type.application";
		};
/* End PBXNativeTarget section */

/* Begin PBXProject section */
		7B21C37B23FCD3F900B61840 /* Project object */ = {
			isa = PBXProject;
			attributes = {
				LastSwiftUpdateCheck = 1130;
				LastUpgradeCheck = 1130;
				ORGANIZATIONNAME = "Waseem Idelbi";
				TargetAttributes = {
					7B21C38223FCD3F900B61840 = {
						CreatedOnToolsVersion = 11.3.1;
					};
				};
			};
			buildConfigurationList = 7B21C37E23FCD3F900B61840 /* Build configuration list for PBXProject "OutaTime" */;
			compatibilityVersion = "Xcode 9.3";
			developmentRegion = en;
			hasScannedForEncodings = 0;
			knownRegions = (
				en,
				Base,
			);
			mainGroup = 7B21C37A23FCD3F900B61840;
			productRefGroup = 7B21C38423FCD3F900B61840 /* Products */;
			projectDirPath = "";
			projectRoot = "";
			targets = (
				7B21C38223FCD3F900B61840 /* OutaTime */,
			);
		};
/* End PBXProject section */

/* Begin PBXResourcesBuildPhase section */
		7B21C38123FCD3F900B61840 /* Resources */ = {
			isa = PBXResourcesBuildPhase;
			buildActionMask = 2147483647;
			files = (
				7B21C39323FCD3FC00B61840 /* LaunchScreen.storyboard in Resources */,
				7B21C39023FCD3FC00B61840 /* Assets.xcassets in Resources */,
				7B21C38E23FCD3F900B61840 /* Main.storyboard in Resources */,
				7B21C39F23FCD9BD00B61840 /* digital-7.ttf in Resources */,
			);
			runOnlyForDeploymentPostprocessing = 0;
		};
/* End PBXResourcesBuildPhase section */

/* Begin PBXSourcesBuildPhase section */
		7B21C37F23FCD3F900B61840 /* Sources */ = {
			isa = PBXSourcesBuildPhase;
			buildActionMask = 2147483647;
			files = (
				7B21C39D23FCD47A00B61840 /* DatePickerViewController.swift in Sources */,
				7B21C38B23FCD3F900B61840 /* TimeCircuitsViewController.swift in Sources */,
				7B21C38723FCD3F900B61840 /* AppDelegate.swift in Sources */,
				7B21C38923FCD3F900B61840 /* SceneDelegate.swift in Sources */,
			);
			runOnlyForDeploymentPostprocessing = 0;
		};
/* End PBXSourcesBuildPhase section */

/* Begin PBXVariantGroup section */
		7B21C38C23FCD3F900B61840 /* Main.storyboard */ = {
			isa = PBXVariantGroup;
			children = (
				7B21C38D23FCD3F900B61840 /* Base */,
			);
			name = Main.storyboard;
			sourceTree = "<group>";
		};
		7B21C39123FCD3FC00B61840 /* LaunchScreen.storyboard */ = {
			isa = PBXVariantGroup;
			children = (
				7B21C39223FCD3FC00B61840 /* Base */,
			);
			name = LaunchScreen.storyboard;
			sourceTree = "<group>";
		};
/* End PBXVariantGroup section */

/* Begin XCBuildConfiguration section */
		7B21C39523FCD3FC00B61840 /* Debug */ = {
			isa = XCBuildConfiguration;
			buildSettings = {
				ALWAYS_SEARCH_USER_PATHS = NO;
				CLANG_ANALYZER_NONNULL = YES;
				CLANG_ANALYZER_NUMBER_OBJECT_CONVERSION = YES_AGGRESSIVE;
				CLANG_CXX_LANGUAGE_STANDARD = "gnu++14";
				CLANG_CXX_LIBRARY = "libc++";
				CLANG_ENABLE_MODULES = YES;
				CLANG_ENABLE_OBJC_ARC = YES;
				CLANG_ENABLE_OBJC_WEAK = YES;
				CLANG_WARN_BLOCK_CAPTURE_AUTORELEASING = YES;
				CLANG_WARN_BOOL_CONVERSION = YES;
				CLANG_WARN_COMMA = YES;
				CLANG_WARN_CONSTANT_CONVERSION = YES;
				CLANG_WARN_DEPRECATED_OBJC_IMPLEMENTATIONS = YES;
				CLANG_WARN_DIRECT_OBJC_ISA_USAGE = YES_ERROR;
				CLANG_WARN_DOCUMENTATION_COMMENTS = YES;
				CLANG_WARN_EMPTY_BODY = YES;
				CLANG_WARN_ENUM_CONVERSION = YES;
				CLANG_WARN_INFINITE_RECURSION = YES;
				CLANG_WARN_INT_CONVERSION = YES;
				CLANG_WARN_NON_LITERAL_NULL_CONVERSION = YES;
				CLANG_WARN_OBJC_IMPLICIT_RETAIN_SELF = YES;
				CLANG_WARN_OBJC_LITERAL_CONVERSION = YES;
				CLANG_WARN_OBJC_ROOT_CLASS = YES_ERROR;
				CLANG_WARN_RANGE_LOOP_ANALYSIS = YES;
				CLANG_WARN_STRICT_PROTOTYPES = YES;
				CLANG_WARN_SUSPICIOUS_MOVE = YES;
				CLANG_WARN_UNGUARDED_AVAILABILITY = YES_AGGRESSIVE;
				CLANG_WARN_UNREACHABLE_CODE = YES;
				CLANG_WARN__DUPLICATE_METHOD_MATCH = YES;
				COPY_PHASE_STRIP = NO;
				DEBUG_INFORMATION_FORMAT = dwarf;
				ENABLE_STRICT_OBJC_MSGSEND = YES;
				ENABLE_TESTABILITY = YES;
				GCC_C_LANGUAGE_STANDARD = gnu11;
				GCC_DYNAMIC_NO_PIC = NO;
				GCC_NO_COMMON_BLOCKS = YES;
				GCC_OPTIMIZATION_LEVEL = 0;
				GCC_PREPROCESSOR_DEFINITIONS = (
					"DEBUG=1",
					"$(inherited)",
				);
				GCC_WARN_64_TO_32_BIT_CONVERSION = YES;
				GCC_WARN_ABOUT_RETURN_TYPE = YES_ERROR;
				GCC_WARN_UNDECLARED_SELECTOR = YES;
				GCC_WARN_UNINITIALIZED_AUTOS = YES_AGGRESSIVE;
				GCC_WARN_UNUSED_FUNCTION = YES;
				GCC_WARN_UNUSED_VARIABLE = YES;
				IPHONEOS_DEPLOYMENT_TARGET = 13.2;
				MTL_ENABLE_DEBUG_INFO = INCLUDE_SOURCE;
				MTL_FAST_MATH = YES;
				ONLY_ACTIVE_ARCH = YES;
				SDKROOT = iphoneos;
				SWIFT_ACTIVE_COMPILATION_CONDITIONS = DEBUG;
				SWIFT_OPTIMIZATION_LEVEL = "-Onone";
			};
			name = Debug;
		};
		7B21C39623FCD3FC00B61840 /* Release */ = {
			isa = XCBuildConfiguration;
			buildSettings = {
				ALWAYS_SEARCH_USER_PATHS = NO;
				CLANG_ANALYZER_NONNULL = YES;
				CLANG_ANALYZER_NUMBER_OBJECT_CONVERSION = YES_AGGRESSIVE;
				CLANG_CXX_LANGUAGE_STANDARD = "gnu++14";
				CLANG_CXX_LIBRARY = "libc++";
				CLANG_ENABLE_MODULES = YES;
				CLANG_ENABLE_OBJC_ARC = YES;
				CLANG_ENABLE_OBJC_WEAK = YES;
				CLANG_WARN_BLOCK_CAPTURE_AUTORELEASING = YES;
				CLANG_WARN_BOOL_CONVERSION = YES;
				CLANG_WARN_COMMA = YES;
				CLANG_WARN_CONSTANT_CONVERSION = YES;
				CLANG_WARN_DEPRECATED_OBJC_IMPLEMENTATIONS = YES;
				CLANG_WARN_DIRECT_OBJC_ISA_USAGE = YES_ERROR;
				CLANG_WARN_DOCUMENTATION_COMMENTS = YES;
				CLANG_WARN_EMPTY_BODY = YES;
				CLANG_WARN_ENUM_CONVERSION = YES;
				CLANG_WARN_INFINITE_RECURSION = YES;
				CLANG_WARN_INT_CONVERSION = YES;
				CLANG_WARN_NON_LITERAL_NULL_CONVERSION = YES;
				CLANG_WARN_OBJC_IMPLICIT_RETAIN_SELF = YES;
				CLANG_WARN_OBJC_LITERAL_CONVERSION = YES;
				CLANG_WARN_OBJC_ROOT_CLASS = YES_ERROR;
				CLANG_WARN_RANGE_LOOP_ANALYSIS = YES;
				CLANG_WARN_STRICT_PROTOTYPES = YES;
				CLANG_WARN_SUSPICIOUS_MOVE = YES;
				CLANG_WARN_UNGUARDED_AVAILABILITY = YES_AGGRESSIVE;
				CLANG_WARN_UNREACHABLE_CODE = YES;
				CLANG_WARN__DUPLICATE_METHOD_MATCH = YES;
				COPY_PHASE_STRIP = NO;
				DEBUG_INFORMATION_FORMAT = "dwarf-with-dsym";
				ENABLE_NS_ASSERTIONS = NO;
				ENABLE_STRICT_OBJC_MSGSEND = YES;
				GCC_C_LANGUAGE_STANDARD = gnu11;
				GCC_NO_COMMON_BLOCKS = YES;
				GCC_WARN_64_TO_32_BIT_CONVERSION = YES;
				GCC_WARN_ABOUT_RETURN_TYPE = YES_ERROR;
				GCC_WARN_UNDECLARED_SELECTOR = YES;
				GCC_WARN_UNINITIALIZED_AUTOS = YES_AGGRESSIVE;
				GCC_WARN_UNUSED_FUNCTION = YES;
				GCC_WARN_UNUSED_VARIABLE = YES;
				IPHONEOS_DEPLOYMENT_TARGET = 13.2;
				MTL_ENABLE_DEBUG_INFO = NO;
				MTL_FAST_MATH = YES;
				SDKROOT = iphoneos;
				SWIFT_COMPILATION_MODE = wholemodule;
				SWIFT_OPTIMIZATION_LEVEL = "-O";
				VALIDATE_PRODUCT = YES;
			};
			name = Release;
		};
		7B21C39823FCD3FC00B61840 /* Debug */ = {
			isa = XCBuildConfiguration;
			buildSettings = {
				ASSETCATALOG_COMPILER_APPICON_NAME = AppIcon;
				CODE_SIGN_STYLE = Automatic;
				INFOPLIST_FILE = OutaTime/Info.plist;
				LD_RUNPATH_SEARCH_PATHS = (
					"$(inherited)",
					"@executable_path/Frameworks",
				);
				PRODUCT_BUNDLE_IDENTIFIER = com.idelbiw.OutaTime;
				PRODUCT_NAME = "$(TARGET_NAME)";
				SWIFT_VERSION = 5.0;
				TARGETED_DEVICE_FAMILY = "1,2";
			};
			name = Debug;
		};
		7B21C39923FCD3FC00B61840 /* Release */ = {
			isa = XCBuildConfiguration;
			buildSettings = {
				ASSETCATALOG_COMPILER_APPICON_NAME = AppIcon;
				CODE_SIGN_STYLE = Automatic;
				INFOPLIST_FILE = OutaTime/Info.plist;
				LD_RUNPATH_SEARCH_PATHS = (
					"$(inherited)",
					"@executable_path/Frameworks",
				);
				PRODUCT_BUNDLE_IDENTIFIER = com.idelbiw.OutaTime;
				PRODUCT_NAME = "$(TARGET_NAME)";
				SWIFT_VERSION = 5.0;
				TARGETED_DEVICE_FAMILY = "1,2";
			};
			name = Release;
		};
/* End XCBuildConfiguration section */

/* Begin XCConfigurationList section */
		7B21C37E23FCD3F900B61840 /* Build configuration list for PBXProject "OutaTime" */ = {
			isa = XCConfigurationList;
			buildConfigurations = (
				7B21C39523FCD3FC00B61840 /* Debug */,
				7B21C39623FCD3FC00B61840 /* Release */,
			);
			defaultConfigurationIsVisible = 0;
			defaultConfigurationName = Release;
		};
		7B21C39723FCD3FC00B61840 /* Build configuration list for PBXNativeTarget "OutaTime" */ = {
			isa = XCConfigurationList;
			buildConfigurations = (
				7B21C39823FCD3FC00B61840 /* Debug */,
				7B21C39923FCD3FC00B61840 /* Release */,
			);
			defaultConfigurationIsVisible = 0;
			defaultConfigurationName = Release;
		};
/* End XCConfigurationList section */
	};
	rootObject = 7B21C37B23FCD3F900B61840 /* Project object */;
}
